
Microsoft Visual Studio Solution File, Format Version 12.00
# Visual Studio Version 16
VisualStudioVersion = 16.0.32002.261
MinimumVisualStudioVersion = 10.0.40219.1
Project("{E24C65DC-7377-472B-9ABA-BC803B73C61A}") = "web3d", "F:\webel\web3d\", "{53FF6991-2DBB-4DE8-8EB0-38982753CE10}"
	ProjectSection(WebsiteProperties) = preProject
		TargetFrameworkMoniker = ".NETFramework,Version%3Dv4.0"
		Debug.AspNetCompiler.VirtualPath = "/localhost_50191"
		Debug.AspNetCompiler.PhysicalPath = "F:\webel\web3d\"
		Debug.AspNetCompiler.TargetPath = "PrecompiledWeb\localhost_50191\"
		Debug.AspNetCompiler.Updateable = "true"
		Debug.AspNetCompiler.ForceOverwrite = "true"
		Debug.AspNetCompiler.FixedNames = "false"
		Debug.AspNetCompiler.Debug = "True"
		Release.AspNetCompiler.VirtualPath = "/localhost_50191"
		Release.AspNetCompiler.PhysicalPath = "F:\webel\web3d\"
		Release.AspNetCompiler.TargetPath = "PrecompiledWeb\localhost_50191\"
		Release.AspNetCompiler.Updateable = "true"
		Release.AspNetCompiler.ForceOverwrite = "true"
		Release.AspNetCompiler.FixedNames = "false"
		Release.AspNetCompiler.Debug = "False"
		VWDPort = "50191"
	EndProjectSection
EndProject
Global
	GlobalSection(SolutionConfigurationPlatforms) = preSolution
		Debug|Any CPU = Debug|Any CPU
	EndGlobalSection
	GlobalSection(ProjectConfigurationPlatforms) = postSolution
		{53FF6991-2DBB-4DE8-8EB0-38982753CE10}.Debug|Any CPU.ActiveCfg = Debug|Any CPU
		{53FF6991-2DBB-4DE8-8EB0-38982753CE10}.Debug|Any CPU.Build.0 = Debug|Any CPU
	EndGlobalSection
	GlobalSection(SolutionProperties) = preSolution
		HideSolutionNode = FALSE
	EndGlobalSection
	GlobalSection(ExtensibilityGlobals) = postSolution
		SolutionGuid = {1C0C7DD1-5257-42AA-A6E7-E33DF4BD0C1D}
	EndGlobalSection
EndGlobal
